
Microsoft Visual Studio Solution File, Format Version 12.00
# Visual Studio Version 16
VisualStudioVersion = 16.0.30523.141
MinimumVisualStudioVersion = 10.0.40219.1
Project("{FAE04EC0-301F-11D3-BF4B-00C04F79EFBC}") = "SeitonSystem", "SeitonSystem.csproj", "{A8316963-6BDD-4163-B6E6-FCADA691C747}"
EndProject
Global
	GlobalSection(SolutionConfigurationPlatforms) = preSolution
		Debug|Any CPU = Debug|Any CPU
		Release|Any CPU = Release|Any CPU
	EndGlobalSection
	GlobalSection(ProjectConfigurationPlatforms) = postSolution
		{A8316963-6BDD-4163-B6E6-FCADA691C747}.Debug|Any CPU.ActiveCfg = Debug|Any CPU
		{A8316963-6BDD-4163-B6E6-FCADA691C747}.Debug|Any CPU.Build.0 = Debug|Any CPU
		{A8316963-6BDD-4163-B6E6-FCADA691C747}.Release|Any CPU.ActiveCfg = Release|Any CPU
		{A8316963-6BDD-4163-B6E6-FCADA691C747}.Release|Any CPU.Build.0 = Release|Any CPU
	EndGlobalSection
	GlobalSection(SolutionProperties) = preSolution
		HideSolutionNode = FALSE
	EndGlobalSection
	GlobalSection(ExtensibilityGlobals) = postSolution
		SolutionGuid = {06D311B9-BD60-4F34-B6FC-4C668CA70D86}
	EndGlobalSection
EndGlobal
